
Microsoft Visual Studio Solution File, Format Version 12.00
# Visual Studio Version 17
VisualStudioVersion = 17.0.31903.59
MinimumVisualStudioVersion = 10.0.40219.1
Project("{FAE04EC0-301F-11D3-BF4B-00C04F79EFBC}") = "JwtStore.Api", "JwtStore.Api\JwtStore.Api.csproj", "{3FCFF04F-7FF0-4D5C-8851-C7C6D62FE083}"
EndProject
Project("{FAE04EC0-301F-11D3-BF4B-00C04F79EFBC}") = "JwtStore.Core", "JwtStore.Core\JwtStore.Core.csproj", "{CBEF9ED0-404A-43C6-9D20-E38AFE850CFE}"
EndProject
Project("{FAE04EC0-301F-11D3-BF4B-00C04F79EFBC}") = "JwtStore.Infra", "JwtStore.Infra\JwtStore.Infra.csproj", "{284936D1-E397-42CC-820E-353F8A10D586}"
EndProject
Global
	GlobalSection(SolutionConfigurationPlatforms) = preSolution
		Debug|Any CPU = Debug|Any CPU
		Release|Any CPU = Release|Any CPU
	EndGlobalSection
	GlobalSection(SolutionProperties) = preSolution
		HideSolutionNode = FALSE
	EndGlobalSection
	GlobalSection(ProjectConfigurationPlatforms) = postSolution
		{3FCFF04F-7FF0-4D5C-8851-C7C6D62FE083}.Debug|Any CPU.ActiveCfg = Debug|Any CPU
		{3FCFF04F-7FF0-4D5C-8851-C7C6D62FE083}.Debug|Any CPU.Build.0 = Debug|Any CPU
		{3FCFF04F-7FF0-4D5C-8851-C7C6D62FE083}.Release|Any CPU.ActiveCfg = Release|Any CPU
		{3FCFF04F-7FF0-4D5C-8851-C7C6D62FE083}.Release|Any CPU.Build.0 = Release|Any CPU
		{CBEF9ED0-404A-43C6-9D20-E38AFE850CFE}.Debug|Any CPU.ActiveCfg = Debug|Any CPU
		{CBEF9ED0-404A-43C6-9D20-E38AFE850CFE}.Debug|Any CPU.Build.0 = Debug|Any CPU
		{CBEF9ED0-404A-43C6-9D20-E38AFE850CFE}.Release|Any CPU.ActiveCfg = Release|Any CPU
		{CBEF9ED0-404A-43C6-9D20-E38AFE850CFE}.Release|Any CPU.Build.0 = Release|Any CPU
		{284936D1-E397-42CC-820E-353F8A10D586}.Debug|Any CPU.ActiveCfg = Debug|Any CPU
		{284936D1-E397-42CC-820E-353F8A10D586}.Debug|Any CPU.Build.0 = Debug|Any CPU
		{284936D1-E397-42CC-820E-353F8A10D586}.Release|Any CPU.ActiveCfg = Release|Any CPU
		{284936D1-E397-42CC-820E-353F8A10D586}.Release|Any CPU.Build.0 = Release|Any CPU
	EndGlobalSection
EndGlobal
